
Microsoft Visual Studio Solution File, Format Version 12.00
# Visual Studio 14
VisualStudioVersion = 14.0.25123.0
MinimumVisualStudioVersion = 10.0.40219.1
Project("{FAE04EC0-301F-11D3-BF4B-00C04F79EFBC}") = "WindowsFormsAssembly", "WindowsFormsAssembly\WindowsFormsAssembly.csproj", "{244C0305-6D56-418D-934A-36AEEAA534D0}"
EndProject
Project("{FAE04EC0-301F-11D3-BF4B-00C04F79EFBC}") = "Assembly.DAL", "Assembly.DAL\Assembly.DAL.csproj", "{30523077-099E-4D8B-B864-538F680ED05D}"
EndProject
Global
	GlobalSection(SolutionConfigurationPlatforms) = preSolution
		Debug|Any CPU = Debug|Any CPU
		Release|Any CPU = Release|Any CPU
	EndGlobalSection
	GlobalSection(ProjectConfigurationPlatforms) = postSolution
		{244C0305-6D56-418D-934A-36AEEAA534D0}.Debug|Any CPU.ActiveCfg = Debug|Any CPU
		{244C0305-6D56-418D-934A-36AEEAA534D0}.Debug|Any CPU.Build.0 = Debug|Any CPU
		{244C0305-6D56-418D-934A-36AEEAA534D0}.Release|Any CPU.ActiveCfg = Release|Any CPU
		{244C0305-6D56-418D-934A-36AEEAA534D0}.Release|Any CPU.Build.0 = Release|Any CPU
		{30523077-099E-4D8B-B864-538F680ED05D}.Debug|Any CPU.ActiveCfg = Debug|Any CPU
		{30523077-099E-4D8B-B864-538F680ED05D}.Debug|Any CPU.Build.0 = Debug|Any CPU
		{30523077-099E-4D8B-B864-538F680ED05D}.Release|Any CPU.ActiveCfg = Release|Any CPU
		{30523077-099E-4D8B-B864-538F680ED05D}.Release|Any CPU.Build.0 = Release|Any CPU
	EndGlobalSection
	GlobalSection(SolutionProperties) = preSolution
		HideSolutionNode = FALSE
	EndGlobalSection
EndGlobal
